<?xml version="1.0" encoding="UTF-8" standalone="yes" ?>
<CodeBlocks_project_file>
	<FileVersion major="1" minor="6" />
	<Project>
		<Option title="hsync_make" />
		<Option pch_mode="2" />
		<Option compiler="gcc" />
		<Build>
			<Target title="Debug">
				<Option output="bin/Debug/hsync_make" prefix_auto="1" extension_auto="1" />
				<Option object_output="obj/Debug/" />
				<Option type="1" />
				<Option compiler="gcc" />
				<Compiler>
					<Add option="-g" />
				</Compiler>
				<Linker>
					<Add library="bin/Debug/libHSyncClient.a" />
				</Linker>
			</Target>
			<Target title="Release">
				<Option output="bin/Release/hsync_make" prefix_auto="1" extension_auto="1" />
				<Option object_output="obj/Release/" />
				<Option type="1" />
				<Option compiler="gcc" />
				<Compiler>
					<Add option="-fomit-frame-pointer" />
					<Add option="-O3" />
					<Add option="-Wno-error=format-security" />
					<Add option="-fvisibility=hidden -fvisibility-inlines-hidden" />
					<Add option="-ffunction-sections -fdata-sections" />
				</Compiler>
				<Linker>
					<Add option="-s" />
					<Add option="-Wl,--gc-sections" />
					<Add library="bin/Release/libHSyncClient.a" />
				</Linker>
			</Target>
			<Target title="Release_x86">
				<Option output="bin/Release_x86/hsync_make" prefix_auto="1" extension_auto="1" />
				<Option object_output="obj/Release_x86/" />
				<Option type="1" />
				<Option compiler="gcc" />
				<Compiler>
					<Add option="-march=i586" />
					<Add option="-fomit-frame-pointer" />
					<Add option="-O3" />
					<Add option="-m32" />
					<Add option="-Wno-error=format-security" />
					<Add option="-fvisibility=hidden -fvisibility-inlines-hidden" />
					<Add option="-ffunction-sections -fdata-sections" />
				</Compiler>
				<Linker>
					<Add option="-s" />
					<Add option="-m32" />
					<Add option="-Wl,--gc-sections" />
					<Add library="bin/Release_x86/libHSyncClient.a" />
				</Linker>
			</Target>
		</Build>
		<Compiler>
			<Add option="-Wall" />
			<Add option="-fexceptions" />
			<Add option="-D_LARGEFILE_SOURCE" />
			<Add option="-D_FILE_OFFSET_BITS=64" />
			<Add option="-D_7ZIP_ST" />
			<Add option="-D_IS_USED_PTHREAD=1" />
			<Add directory="../../xxHash/" />
			<Add directory="../../minihttp/mbedtls/include" />
			<Add directory="../../zlib" />
			<Add directory="../../zstd/lib/compress" />
			<Add directory="../../zstd/lib/decompress" />
			<Add directory="../../zstd/lib/" />
			<Add directory="../../libdeflate" />
		</Compiler>
		<Linker>
			<Add library="pthread" />
		</Linker>
		<Unit filename="../../HDiffPatch/compress_parallel.cpp" />
		<Unit filename="../../HDiffPatch/libhsync/sync_make/dir_sync_make.cpp" />
		<Unit filename="../../HDiffPatch/libhsync/sync_make/match_in_new.cpp" />
		<Unit filename="../../HDiffPatch/libhsync/sync_make/sync_info_make.cpp" />
		<Unit filename="../../HDiffPatch/libhsync/sync_make/sync_make.cpp" />
		<Unit filename="../../client_download_demo.cpp" />
		<Unit filename="../../hsync_import_patch.cpp" />
		<Unit filename="../../hsync_make.cpp" />
		<Unit filename="../../libdeflate/lib/deflate_compress.c">
			<Option compilerVar="CC" />
		</Unit>
		<Extensions>
			<envvars />
			<code_completion />
			<lib_finder disable_auto="1" />
			<debugger />
		</Extensions>
	</Project>
</CodeBlocks_project_file>
